
Microsoft Visual Studio Solution File, Format Version 12.00
# Visual Studio Version 17
VisualStudioVersion = 17.7.34031.279
MinimumVisualStudioVersion = 10.0.40219.1
Project("{FAE04EC0-301F-11D3-BF4B-00C04F79EFBC}") = "CalculadoraIMC.UWP", "CalculadoraIMC\CalculadoraIMC.UWP\CalculadoraIMC.UWP.csproj", "{144AA556-423E-4D65-AAC8-1011B2374BC5}"
EndProject
Project("{FAE04EC0-301F-11D3-BF4B-00C04F79EFBC}") = "CalculadoraIMC.Android", "CalculadoraIMC\CalculadoraIMC.Android\CalculadoraIMC.Android.csproj", "{3D59772D-136B-47ED-80F1-C63589FEA29A}"
EndProject
Project("{FAE04EC0-301F-11D3-BF4B-00C04F79EFBC}") = "CalculadoraIMC.iOS", "CalculadoraIMC\CalculadoraIMC.iOS\CalculadoraIMC.iOS.csproj", "{5B063E35-5D28-4E91-8B3A-FFEFDB095872}"
EndProject
Project("{FAE04EC0-301F-11D3-BF4B-00C04F79EFBC}") = "CalculadoraIMC", "CalculadoraIMC\CalculadoraIMC\CalculadoraIMC.csproj", "{ACD34E20-35A5-4C83-B87E-B63E950F20A8}"
EndProject
Global
	GlobalSection(SolutionConfigurationPlatforms) = preSolution
		Debug|Any CPU = Debug|Any CPU
		Debug|ARM = Debug|ARM
		Debug|iPhone = Debug|iPhone
		Debug|iPhoneSimulator = Debug|iPhoneSimulator
		Debug|x64 = Debug|x64
		Debug|x86 = Debug|x86
		Release|Any CPU = Release|Any CPU
		Release|ARM = Release|ARM
		Release|iPhone = Release|iPhone
		Release|iPhoneSimulator = Release|iPhoneSimulator
		Release|x64 = Release|x64
		Release|x86 = Release|x86
	EndGlobalSection
	GlobalSection(ProjectConfigurationPlatforms) = postSolution
		{144AA556-423E-4D65-AAC8-1011B2374BC5}.Debug|Any CPU.ActiveCfg = Debug|x64
		{144AA556-423E-4D65-AAC8-1011B2374BC5}.Debug|Any CPU.Build.0 = Debug|x64
		{144AA556-423E-4D65-AAC8-1011B2374BC5}.Debug|Any CPU.Deploy.0 = Debug|x64
		{144AA556-423E-4D65-AAC8-1011B2374BC5}.Debug|ARM.ActiveCfg = Debug|ARM
		{144AA556-423E-4D65-AAC8-1011B2374BC5}.Debug|ARM.Build.0 = Debug|ARM
		{144AA556-423E-4D65-AAC8-1011B2374BC5}.Debug|ARM.Deploy.0 = Debug|ARM
		{144AA556-423E-4D65-AAC8-1011B2374BC5}.Debug|iPhone.ActiveCfg = Debug|x64
		{144AA556-423E-4D65-AAC8-1011B2374BC5}.Debug|iPhone.Build.0 = Debug|x64
		{144AA556-423E-4D65-AAC8-1011B2374BC5}.Debug|iPhone.Deploy.0 = Debug|x64
		{144AA556-423E-4D65-AAC8-1011B2374BC5}.Debug|iPhoneSimulator.ActiveCfg = Debug|x64
		{144AA556-423E-4D65-AAC8-1011B2374BC5}.Debug|iPhoneSimulator.Build.0 = Debug|x64
		{144AA556-423E-4D65-AAC8-1011B2374BC5}.Debug|iPhoneSimulator.Deploy.0 = Debug|x64
		{144AA556-423E-4D65-AAC8-1011B2374BC5}.Debug|x64.ActiveCfg = Debug|x64
		{144AA556-423E-4D65-AAC8-1011B2374BC5}.Debug|x64.Build.0 = Debug|x64
		{144AA556-423E-4D65-AAC8-1011B2374BC5}.Debug|x64.Deploy.0 = Debug|x64
		{144AA556-423E-4D65-AAC8-1011B2374BC5}.Debug|x86.ActiveCfg = Debug|x86
		{144AA556-423E-4D65-AAC8-1011B2374BC5}.Debug|x86.Build.0 = Debug|x86
		{144AA556-423E-4D65-AAC8-1011B2374BC5}.Debug|x86.Deploy.0 = Debug|x86
		{144AA556-423E-4D65-AAC8-1011B2374BC5}.Release|Any CPU.ActiveCfg = Release|x64
		{144AA556-423E-4D65-AAC8-1011B2374BC5}.Release|Any CPU.Build.0 = Release|x64
		{144AA556-423E-4D65-AAC8-1011B2374BC5}.Release|Any CPU.Deploy.0 = Release|x64
		{144AA556-423E-4D65-AAC8-1011B2374BC5}.Release|ARM.ActiveCfg = Release|ARM
		{144AA556-423E-4D65-AAC8-1011B2374BC5}.Release|ARM.Build.0 = Release|ARM
		{144AA556-423E-4D65-AAC8-1011B2374BC5}.Release|ARM.Deploy.0 = Release|ARM
		{144AA556-423E-4D65-AAC8-1011B2374BC5}.Release|iPhone.ActiveCfg = Release|x64
		{144AA556-423E-4D65-AAC8-1011B2374BC5}.Release|iPhone.Build.0 = Release|x64
		{144AA556-423E-4D65-AAC8-1011B2374BC5}.Release|iPhone.Deploy.0 = Release|x64
		{144AA556-423E-4D65-AAC8-1011B2374BC5}.Release|iPhoneSimulator.ActiveCfg = Release|x64
		{144AA556-423E-4D65-AAC8-1011B2374BC5}.Release|iPhoneSimulator.Build.0 = Release|x64
		{144AA556-423E-4D65-AAC8-1011B2374BC5}.Release|iPhoneSimulator.Deploy.0 = Release|x64
		{144AA556-423E-4D65-AAC8-1011B2374BC5}.Release|x64.ActiveCfg = Release|x64
		{144AA556-423E-4D65-AAC8-1011B2374BC5}.Release|x64.Build.0 = Release|x64
		{144AA556-423E-4D65-AAC8-1011B2374BC5}.Release|x64.Deploy.0 = Release|x64
		{144AA556-423E-4D65-AAC8-1011B2374BC5}.Release|x86.ActiveCfg = Release|x86
		{144AA556-423E-4D65-AAC8-1011B2374BC5}.Release|x86.Build.0 = Release|x86
		{144AA556-423E-4D65-AAC8-1011B2374BC5}.Release|x86.Deploy.0 = Release|x86
		{3D59772D-136B-47ED-80F1-C63589FEA29A}.Debug|Any CPU.ActiveCfg = Debug|Any CPU
		{3D59772D-136B-47ED-80F1-C63589FEA29A}.Debug|Any CPU.Build.0 = Debug|Any CPU
		{3D59772D-136B-47ED-80F1-C63589FEA29A}.Debug|Any CPU.Deploy.0 = Debug|Any CPU
		{3D59772D-136B-47ED-80F1-C63589FEA29A}.Debug|ARM.ActiveCfg = Debug|Any CPU
		{3D59772D-136B-47ED-80F1-C63589FEA29A}.Debug|ARM.Build.0 = Debug|Any CPU
		{3D59772D-136B-47ED-80F1-C63589FEA29A}.Debug|ARM.Deploy.0 = Debug|Any CPU
		{3D59772D-136B-47ED-80F1-C63589FEA29A}.Debug|iPhone.ActiveCfg = Debug|Any CPU
		{3D59772D-136B-47ED-80F1-C63589FEA29A}.Debug|iPhone.Build.0 = Debug|Any CPU
		{3D59772D-136B-47ED-80F1-C63589FEA29A}.Debug|iPhone.Deploy.0 = Debug|Any CPU
		{3D59772D-136B-47ED-80F1-C63589FEA29A}.Debug|iPhoneSimulator.ActiveCfg = Debug|Any CPU
		{3D59772D-136B-47ED-80F1-C63589FEA29A}.Debug|iPhoneSimulator.Build.0 = Debug|Any CPU
		{3D59772D-136B-47ED-80F1-C63589FEA29A}.Debug|iPhoneSimulator.Deploy.0 = Debug|Any CPU
		{3D59772D-136B-47ED-80F1-C63589FEA29A}.Debug|x64.ActiveCfg = Debug|Any CPU
		{3D59772D-136B-47ED-80F1-C63589FEA29A}.Debug|x64.Build.0 = Debug|Any CPU
		{3D59772D-136B-47ED-80F1-C63589FEA29A}.Debug|x64.Deploy.0 = Debug|Any CPU
		{3D59772D-136B-47ED-80F1-C63589FEA29A}.Debug|x86.ActiveCfg = Debug|Any CPU
		{3D59772D-136B-47ED-80F1-C63589FEA29A}.Debug|x86.Build.0 = Debug|Any CPU
		{3D59772D-136B-47ED-80F1-C63589FEA29A}.Debug|x86.Deploy.0 = Debug|Any CPU
		{3D59772D-136B-47ED-80F1-C63589FEA29A}.Release|Any CPU.ActiveCfg = Release|Any CPU
		{3D59772D-136B-47ED-80F1-C63589FEA29A}.Release|Any CPU.Build.0 = Release|Any CPU
		{3D59772D-136B-47ED-80F1-C63589FEA29A}.Release|Any CPU.Deploy.0 = Release|Any CPU
		{3D59772D-136B-47ED-80F1-C63589FEA29A}.Release|ARM.ActiveCfg = Release|Any CPU
		{3D59772D-136B-47ED-80F1-C63589FEA29A}.Release|ARM.Build.0 = Release|Any CPU
		{3D59772D-136B-47ED-80F1-C63589FEA29A}.Release|ARM.Deploy.0 = Release|Any CPU
		{3D59772D-136B-47ED-80F1-C63589FEA29A}.Release|iPhone.ActiveCfg = Release|Any CPU
		{3D59772D-136B-47ED-80F1-C63589FEA29A}.Release|iPhone.Build.0 = Release|Any CPU
		{3D59772D-136B-47ED-80F1-C63589FEA29A}.Release|iPhone.Deploy.0 = Release|Any CPU
		{3D59772D-136B-47ED-80F1-C63589FEA29A}.Release|iPhoneSimulator.ActiveCfg = Release|Any CPU
		{3D59772D-136B-47ED-80F1-C63589FEA29A}.Release|iPhoneSimulator.Build.0 = Release|Any CPU
		{3D59772D-136B-47ED-80F1-C63589FEA29A}.Release|iPhoneSimulator.Deploy.0 = Release|Any CPU
		{3D59772D-136B-47ED-80F1-C63589FEA29A}.Release|x64.ActiveCfg = Release|Any CPU
		{3D59772D-136B-47ED-80F1-C63589FEA29A}.Release|x64.Build.0 = Release|Any CPU
		{3D59772D-136B-47ED-80F1-C63589FEA29A}.Release|x64.Deploy.0 = Release|Any CPU
		{3D59772D-136B-47ED-80F1-C63589FEA29A}.Release|x86.ActiveCfg = Release|Any CPU
		{3D59772D-136B-47ED-80F1-C63589FEA29A}.Release|x86.Build.0 = Release|Any CPU
		{3D59772D-136B-47ED-80F1-C63589FEA29A}.Release|x86.Deploy.0 = Release|Any CPU
		{5B063E35-5D28-4E91-8B3A-FFEFDB095872}.Debug|Any CPU.ActiveCfg = Debug|iPhoneSimulator
		{5B063E35-5D28-4E91-8B3A-FFEFDB095872}.Debug|Any CPU.Build.0 = Debug|iPhoneSimulator
		{5B063E35-5D28-4E91-8B3A-FFEFDB095872}.Debug|Any CPU.Deploy.0 = Debug|iPhoneSimulator
		{5B063E35-5D28-4E91-8B3A-FFEFDB095872}.Debug|ARM.ActiveCfg = Debug|iPhoneSimulator
		{5B063E35-5D28-4E91-8B3A-FFEFDB095872}.Debug|ARM.Build.0 = Debug|iPhoneSimulator
		{5B063E35-5D28-4E91-8B3A-FFEFDB095872}.Debug|ARM.Deploy.0 = Debug|iPhoneSimulator
		{5B063E35-5D28-4E91-8B3A-FFEFDB095872}.Debug|iPhone.ActiveCfg = Debug|iPhone
		{5B063E35-5D28-4E91-8B3A-FFEFDB095872}.Debug|iPhone.Build.0 = Debug|iPhone
		{5B063E35-5D28-4E91-8B3A-FFEFDB095872}.Debug|iPhone.Deploy.0 = Debug|iPhone
		{5B063E35-5D28-4E91-8B3A-FFEFDB095872}.Debug|iPhoneSimulator.ActiveCfg = Debug|iPhoneSimulator
		{5B063E35-5D28-4E91-8B3A-FFEFDB095872}.Debug|iPhoneSimulator.Build.0 = Debug|iPhoneSimulator
		{5B063E35-5D28-4E91-8B3A-FFEFDB095872}.Debug|iPhoneSimulator.Deploy.0 = Debug|iPhoneSimulator
		{5B063E35-5D28-4E91-8B3A-FFEFDB095872}.Debug|x64.ActiveCfg = Debug|iPhone
		{5B063E35-5D28-4E91-8B3A-FFEFDB095872}.Debug|x64.Build.0 = Debug|iPhone
		{5B063E35-5D28-4E91-8B3A-FFEFDB095872}.Debug|x64.Deploy.0 = Debug|iPhone
		{5B063E35-5D28-4E91-8B3A-FFEFDB095872}.Debug|x86.ActiveCfg = Debug|iPhoneSimulator
		{5B063E35-5D28-4E91-8B3A-FFEFDB095872}.Debug|x86.Build.0 = Debug|iPhoneSimulator
		{5B063E35-5D28-4E91-8B3A-FFEFDB095872}.Debug|x86.Deploy.0 = Debug|iPhoneSimulator
		{5B063E35-5D28-4E91-8B3A-FFEFDB095872}.Release|Any CPU.ActiveCfg = Release|iPhoneSimulator
		{5B063E35-5D28-4E91-8B3A-FFEFDB095872}.Release|Any CPU.Build.0 = Release|iPhoneSimulator
		{5B063E35-5D28-4E91-8B3A-FFEFDB095872}.Release|Any CPU.Deploy.0 = Release|iPhoneSimulator
		{5B063E35-5D28-4E91-8B3A-FFEFDB095872}.Release|ARM.ActiveCfg = Release|iPhoneSimulator
		{5B063E35-5D28-4E91-8B3A-FFEFDB095872}.Release|ARM.Build.0 = Release|iPhoneSimulator
		{5B063E35-5D28-4E91-8B3A-FFEFDB095872}.Release|ARM.Deploy.0 = Release|iPhoneSimulator
		{5B063E35-5D28-4E91-8B3A-FFEFDB095872}.Release|iPhone.ActiveCfg = Release|iPhone
		{5B063E35-5D28-4E91-8B3A-FFEFDB095872}.Release|iPhone.Build.0 = Release|iPhone
		{5B063E35-5D28-4E91-8B3A-FFEFDB095872}.Release|iPhone.Deploy.0 = Release|iPhone
		{5B063E35-5D28-4E91-8B3A-FFEFDB095872}.Release|iPhoneSimulator.ActiveCfg = Release|iPhoneSimulator
		{5B063E35-5D28-4E91-8B3A-FFEFDB095872}.Release|iPhoneSimulator.Build.0 = Release|iPhoneSimulator
		{5B063E35-5D28-4E91-8B3A-FFEFDB095872}.Release|iPhoneSimulator.Deploy.0 = Release|iPhoneSimulator
		{5B063E35-5D28-4E91-8B3A-FFEFDB095872}.Release|x64.ActiveCfg = Release|iPhoneSimulator
		{5B063E35-5D28-4E91-8B3A-FFEFDB095872}.Release|x64.Build.0 = Release|iPhoneSimulator
		{5B063E35-5D28-4E91-8B3A-FFEFDB095872}.Release|x64.Deploy.0 = Release|iPhoneSimulator
		{5B063E35-5D28-4E91-8B3A-FFEFDB095872}.Release|x86.ActiveCfg = Release|iPhoneSimulator
		{5B063E35-5D28-4E91-8B3A-FFEFDB095872}.Release|x86.Build.0 = Release|iPhoneSimulator
		{5B063E35-5D28-4E91-8B3A-FFEFDB095872}.Release|x86.Deploy.0 = Release|iPhoneSimulator
		{ACD34E20-35A5-4C83-B87E-B63E950F20A8}.Debug|Any CPU.ActiveCfg = Debug|Any CPU
		{ACD34E20-35A5-4C83-B87E-B63E950F20A8}.Debug|Any CPU.Build.0 = Debug|Any CPU
		{ACD34E20-35A5-4C83-B87E-B63E950F20A8}.Debug|Any CPU.Deploy.0 = Debug|Any CPU
		{ACD34E20-35A5-4C83-B87E-B63E950F20A8}.Debug|ARM.ActiveCfg = Debug|Any CPU
		{ACD34E20-35A5-4C83-B87E-B63E950F20A8}.Debug|ARM.Build.0 = Debug|Any CPU
		{ACD34E20-35A5-4C83-B87E-B63E950F20A8}.Debug|ARM.Deploy.0 = Debug|Any CPU
		{ACD34E20-35A5-4C83-B87E-B63E950F20A8}.Debug|iPhone.ActiveCfg = Debug|Any CPU
		{ACD34E20-35A5-4C83-B87E-B63E950F20A8}.Debug|iPhone.Build.0 = Debug|Any CPU
		{ACD34E20-35A5-4C83-B87E-B63E950F20A8}.Debug|iPhone.Deploy.0 = Debug|Any CPU
		{ACD34E20-35A5-4C83-B87E-B63E950F20A8}.Debug|iPhoneSimulator.ActiveCfg = Debug|Any CPU
		{ACD34E20-35A5-4C83-B87E-B63E950F20A8}.Debug|iPhoneSimulator.Build.0 = Debug|Any CPU
		{ACD34E20-35A5-4C83-B87E-B63E950F20A8}.Debug|iPhoneSimulator.Deploy.0 = Debug|Any CPU
		{ACD34E20-35A5-4C83-B87E-B63E950F20A8}.Debug|x64.ActiveCfg = Debug|Any CPU
		{ACD34E20-35A5-4C83-B87E-B63E950F20A8}.Debug|x64.Build.0 = Debug|Any CPU
		{ACD34E20-35A5-4C83-B87E-B63E950F20A8}.Debug|x64.Deploy.0 = Debug|Any CPU
		{ACD34E20-35A5-4C83-B87E-B63E950F20A8}.Debug|x86.ActiveCfg = Debug|Any CPU
		{ACD34E20-35A5-4C83-B87E-B63E950F20A8}.Debug|x86.Build.0 = Debug|Any CPU
		{ACD34E20-35A5-4C83-B87E-B63E950F20A8}.Debug|x86.Deploy.0 = Debug|Any CPU
		{ACD34E20-35A5-4C83-B87E-B63E950F20A8}.Release|Any CPU.ActiveCfg = Release|Any CPU
		{ACD34E20-35A5-4C83-B87E-B63E950F20A8}.Release|Any CPU.Build.0 = Release|Any CPU
		{ACD34E20-35A5-4C83-B87E-B63E950F20A8}.Release|Any CPU.Deploy.0 = Release|Any CPU
		{ACD34E20-35A5-4C83-B87E-B63E950F20A8}.Release|ARM.ActiveCfg = Release|Any CPU
		{ACD34E20-35A5-4C83-B87E-B63E950F20A8}.Release|ARM.Build.0 = Release|Any CPU
		{ACD34E20-35A5-4C83-B87E-B63E950F20A8}.Release|ARM.Deploy.0 = Release|Any CPU
		{ACD34E20-35A5-4C83-B87E-B63E950F20A8}.Release|iPhone.ActiveCfg = Release|Any CPU
		{ACD34E20-35A5-4C83-B87E-B63E950F20A8}.Release|iPhone.Build.0 = Release|Any CPU
		{ACD34E20-35A5-4C83-B87E-B63E950F20A8}.Release|iPhone.Deploy.0 = Release|Any CPU
		{ACD34E20-35A5-4C83-B87E-B63E950F20A8}.Release|iPhoneSimulator.ActiveCfg = Release|Any CPU
		{ACD34E20-35A5-4C83-B87E-B63E950F20A8}.Release|iPhoneSimulator.Build.0 = Release|Any CPU
		{ACD34E20-35A5-4C83-B87E-B63E950F20A8}.Release|iPhoneSimulator.Deploy.0 = Release|Any CPU
		{ACD34E20-35A5-4C83-B87E-B63E950F20A8}.Release|x64.ActiveCfg = Release|Any CPU
		{ACD34E20-35A5-4C83-B87E-B63E950F20A8}.Release|x64.Build.0 = Release|Any CPU
		{ACD34E20-35A5-4C83-B87E-B63E950F20A8}.Release|x64.Deploy.0 = Release|Any CPU
		{ACD34E20-35A5-4C83-B87E-B63E950F20A8}.Release|x86.ActiveCfg = Release|Any CPU
		{ACD34E20-35A5-4C83-B87E-B63E950F20A8}.Release|x86.Build.0 = Release|Any CPU
		{ACD34E20-35A5-4C83-B87E-B63E950F20A8}.Release|x86.Deploy.0 = Release|Any CPU
	EndGlobalSection
	GlobalSection(SolutionProperties) = preSolution
		HideSolutionNode = FALSE
	EndGlobalSection
	GlobalSection(ExtensibilityGlobals) = postSolution
		SolutionGuid = {AD6FFA63-6E5B-49E2-B760-3FAD4EA41F6E}
	EndGlobalSection
EndGlobal
